
Microsoft Visual Studio Solution File, Format Version 12.00
# Visual Studio 14
VisualStudioVersion = 14.0.25420.1
MinimumVisualStudioVersion = 10.0.40219.1
Project("{FAE04EC0-301F-11D3-BF4B-00C04F79EFBC}") = "non_smooth_PFSP", "non_smooth_PFSP\non_smooth_PFSP.csproj", "{32F29E12-895A-42FB-81BC-EF6C8EB11D6A}"
EndProject
Project("{FAE04EC0-301F-11D3-BF4B-00C04F79EFBC}") = "algorithms", "algorithms\algorithms.csproj", "{1AD801D7-0471-48B0-A7C4-7CBADCD40326}"
EndProject
Project("{FAE04EC0-301F-11D3-BF4B-00C04F79EFBC}") = "data", "data\data.csproj", "{7985CB6F-8347-4EF0-93FB-A18FCC9C5474}"
EndProject
Project("{FAE04EC0-301F-11D3-BF4B-00C04F79EFBC}") = "unit_tests", "unit_test\unit_tests.csproj", "{0ED9366A-360B-49E5-B848-7486747A6371}"
EndProject
Project("{FAE04EC0-301F-11D3-BF4B-00C04F79EFBC}") = "generator", "generator\generator.csproj", "{FD10BE90-764F-47DE-9F9C-B869BA0FD598}"
EndProject
Global
	GlobalSection(SolutionConfigurationPlatforms) = preSolution
		Debug|Any CPU = Debug|Any CPU
		Release|Any CPU = Release|Any CPU
	EndGlobalSection
	GlobalSection(ProjectConfigurationPlatforms) = postSolution
		{32F29E12-895A-42FB-81BC-EF6C8EB11D6A}.Debug|Any CPU.ActiveCfg = Debug|Any CPU
		{32F29E12-895A-42FB-81BC-EF6C8EB11D6A}.Debug|Any CPU.Build.0 = Debug|Any CPU
		{32F29E12-895A-42FB-81BC-EF6C8EB11D6A}.Release|Any CPU.ActiveCfg = Release|Any CPU
		{32F29E12-895A-42FB-81BC-EF6C8EB11D6A}.Release|Any CPU.Build.0 = Release|Any CPU
		{1AD801D7-0471-48B0-A7C4-7CBADCD40326}.Debug|Any CPU.ActiveCfg = Debug|Any CPU
		{1AD801D7-0471-48B0-A7C4-7CBADCD40326}.Debug|Any CPU.Build.0 = Debug|Any CPU
		{1AD801D7-0471-48B0-A7C4-7CBADCD40326}.Release|Any CPU.ActiveCfg = Release|Any CPU
		{1AD801D7-0471-48B0-A7C4-7CBADCD40326}.Release|Any CPU.Build.0 = Release|Any CPU
		{7985CB6F-8347-4EF0-93FB-A18FCC9C5474}.Debug|Any CPU.ActiveCfg = Debug|Any CPU
		{7985CB6F-8347-4EF0-93FB-A18FCC9C5474}.Debug|Any CPU.Build.0 = Debug|Any CPU
		{7985CB6F-8347-4EF0-93FB-A18FCC9C5474}.Release|Any CPU.ActiveCfg = Release|Any CPU
		{7985CB6F-8347-4EF0-93FB-A18FCC9C5474}.Release|Any CPU.Build.0 = Release|Any CPU
		{0ED9366A-360B-49E5-B848-7486747A6371}.Debug|Any CPU.ActiveCfg = Debug|Any CPU
		{0ED9366A-360B-49E5-B848-7486747A6371}.Debug|Any CPU.Build.0 = Debug|Any CPU
		{0ED9366A-360B-49E5-B848-7486747A6371}.Release|Any CPU.ActiveCfg = Release|Any CPU
		{0ED9366A-360B-49E5-B848-7486747A6371}.Release|Any CPU.Build.0 = Release|Any CPU
		{FD10BE90-764F-47DE-9F9C-B869BA0FD598}.Debug|Any CPU.ActiveCfg = Debug|Any CPU
		{FD10BE90-764F-47DE-9F9C-B869BA0FD598}.Debug|Any CPU.Build.0 = Debug|Any CPU
		{FD10BE90-764F-47DE-9F9C-B869BA0FD598}.Release|Any CPU.ActiveCfg = Release|Any CPU
		{FD10BE90-764F-47DE-9F9C-B869BA0FD598}.Release|Any CPU.Build.0 = Release|Any CPU
	EndGlobalSection
	GlobalSection(SolutionProperties) = preSolution
		HideSolutionNode = FALSE
	EndGlobalSection
EndGlobal
